
Microsoft Visual Studio Solution File, Format Version 12.00
# Visual Studio 15
VisualStudioVersion = 15.0.28010.2048
MinimumVisualStudioVersion = 10.0.40219.1
Project("{FAE04EC0-301F-11D3-BF4B-00C04F79EFBC}") = "sistemaUniversidade", "sistemaUniversidade\sistemaUniversidade.csproj", "{C9552D96-2BF1-4A55-AFC7-5BDAD991F3E3}"
EndProject
Global
	GlobalSection(SolutionConfigurationPlatforms) = preSolution
		Debug|Any CPU = Debug|Any CPU
		Release|Any CPU = Release|Any CPU
	EndGlobalSection
	GlobalSection(ProjectConfigurationPlatforms) = postSolution
		{C9552D96-2BF1-4A55-AFC7-5BDAD991F3E3}.Debug|Any CPU.ActiveCfg = Debug|Any CPU
		{C9552D96-2BF1-4A55-AFC7-5BDAD991F3E3}.Debug|Any CPU.Build.0 = Debug|Any CPU
		{C9552D96-2BF1-4A55-AFC7-5BDAD991F3E3}.Release|Any CPU.ActiveCfg = Release|Any CPU
		{C9552D96-2BF1-4A55-AFC7-5BDAD991F3E3}.Release|Any CPU.Build.0 = Release|Any CPU
	EndGlobalSection
	GlobalSection(SolutionProperties) = preSolution
		HideSolutionNode = FALSE
	EndGlobalSection
	GlobalSection(ExtensibilityGlobals) = postSolution
		SolutionGuid = {D0C98CEB-1B21-43F6-9AE9-594FABAFC58A}
	EndGlobalSection
EndGlobal
